// !$*UTF8*$!
{
	archiveVersion = 1;
	classes = {
	};
	objectVersion = 46;
	objects = {

/* Begin PBXBuildFile section */
		CF7581EE1E24F4DC0027C62D /* AppDelegate.swift in Sources */ = {isa = PBXBuildFile; fileRef = CF7581ED1E24F4DC0027C62D /* AppDelegate.swift */; };
		CF7581F01E24F4DC0027C62D /* ViewController.swift in Sources */ = {isa = PBXBuildFile; fileRef = CF7581EF1E24F4DC0027C62D /* ViewController.swift */; };
		CF7581F31E24F4DC0027C62D /* Main.storyboard in Resources */ = {isa = PBXBuildFile; fileRef = CF7581F11E24F4DC0027C62D /* Main.storyboard */; };
		CF7581F51E24F4DC0027C62D /* Assets.xcassets in Resources */ = {isa = PBXBuildFile; fileRef = CF7581F41E24F4DC0027C62D /* Assets.xcassets */; };
		CF7581F81E24F4DC0027C62D /* LaunchScreen.storyboard in Resources */ = {isa = PBXBuildFile; fileRef = CF7581F61E24F4DC0027C62D /* LaunchScreen.storyboard */; };
		CF7582031E24F4DC0027C62D /* XibRocksTests.swift in Sources */ = {isa = PBXBuildFile; fileRef = CF7582021E24F4DC0027C62D /* XibRocksTests.swift */; };
		CF75820E1E24F4DC0027C62D /* XibRocksUITests.swift in Sources */ = {isa = PBXBuildFile; fileRef = CF75820D1E24F4DC0027C62D /* XibRocksUITests.swift */; };
/* End PBXBuildFile section */

/* Begin PBXContainerItemProxy section */
		CF7581FF1E24F4DC0027C62D /* PBXContainerItemProxy */ = {
			isa = PBXContainerItemProxy;
			containerPortal = CF7581E21E24F4DC0027C62D /* Project object */;
			proxyType = 1;
			remoteGlobalIDString = CF7581E91E24F4DC0027C62D;
			remoteInfo = XibRocks;
		};
		CF75820A1E24F4DC0027C62D /* PBXContainerItemProxy */ = {
			isa = PBXContainerItemProxy;
			containerPortal = CF7581E21E24F4DC0027C62D /* Project object */;
			proxyType = 1;
			remoteGlobalIDString = CF7581E91E24F4DC0027C62D;
			remoteInfo = XibRocks;
		};
/* End PBXContainerItemProxy section */

/* Begin PBXFileReference section */
		CF7581EA1E24F4DC0027C62D /* XibRocks.app */ = {isa = PBXFileReference; explicitFileType = wrapper.application; includeInIndex = 0; path = XibRocks.app; sourceTree = BUILT_PRODUCTS_DIR; };
		CF7581ED1E24F4DC0027C62D /* AppDelegate.swift */ = {isa = PBXFileReference; lastKnownFileType = sourcecode.swift; path = AppDelegate.swift; sourceTree = "<group>"; };
		CF7581EF1E24F4DC0027C62D /* ViewController.swift */ = {isa = PBXFileReference; lastKnownFileType = sourcecode.swift; path = ViewController.swift; sourceTree = "<group>"; };
		CF7581F21E24F4DC0027C62D /* Base */ = {isa = PBXFileReference; lastKnownFileType = file.storyboard; name = Base; path = Base.lproj/Main.storyboard; sourceTree = "<group>"; };
		CF7581F41E24F4DC0027C62D /* Assets.xcassets */ = {isa = PBXFileReference; lastKnownFileType = folder.assetcatalog; path = Assets.xcassets; sourceTree = "<group>"; };
		CF7581F71E24F4DC0027C62D /* Base */ = {isa = PBXFileReference; lastKnownFileType = file.storyboard; name = Base; path = Base.lproj/LaunchScreen.storyboard; sourceTree = "<group>"; };
		CF7581F91E24F4DC0027C62D /* Info.plist */ = {isa = PBXFileReference; lastKnownFileType = text.plist.xml; path = Info.plist; sourceTree = "<group>"; };
		CF7581FE1E24F4DC0027C62D /* XibRocksTests.xctest */ = {isa = PBXFileReference; explicitFileType = wrapper.cfbundle; includeInIndex = 0; path = XibRocksTests.xctest; sourceTree = BUILT_PRODUCTS_DIR; };
		CF7582021E24F4DC0027C62D /* XibRocksTests.swift */ = {isa = PBXFileReference; lastKnownFileType = sourcecode.swift; path = XibRocksTests.swift; sourceTree = "<group>"; };
		CF7582041E24F4DC0027C62D /* Info.plist */ = {isa = PBXFileReference; lastKnownFileType = text.plist.xml; path = Info.plist; sourceTree = "<group>"; };
		CF7582091E24F4DC0027C62D /* XibRocksUITests.xctest */ = {isa = PBXFileReference; explicitFileType = wrapper.cfbundle; includeInIndex = 0; path = XibRocksUITests.xctest; sourceTree = BUILT_PRODUCTS_DIR; };
		CF75820D1E24F4DC0027C62D /* XibRocksUITests.swift */ = {isa = PBXFileReference; lastKnownFileType = sourcecode.swift; path = XibRocksUITests.swift; sourceTree = "<group>"; };
		CF75820F1E24F4DC0027C62D /* Info.plist */ = {isa = PBXFileReference; lastKnownFileType = text.plist.xml; path = Info.plist; sourceTree = "<group>"; };
/* End PBXFileReference section */

/* Begin PBXFrameworksBuildPhase section */
		CF7581E71E24F4DC0027C62D /* Frameworks */ = {
			isa = PBXFrameworksBuildPhase;
			buildActionMask = 2147483647;
			files = (
			);
			runOnlyForDeploymentPostprocessing = 0;
		};
		CF7581FB1E24F4DC0027C62D /* Frameworks */ = {
			isa = PBXFrameworksBuildPhase;
			buildActionMask = 2147483647;
			files = (
			);
			runOnlyForDeploymentPostprocessing = 0;
		};
		CF7582061E24F4DC0027C62D /* Frameworks */ = {
			isa = PBXFrameworksBuildPhase;
			buildActionMask = 2147483647;
			files = (
			);
			runOnlyForDeploymentPostprocessing = 0;
		};
/* End PBXFrameworksBuildPhase section */

/* Begin PBXGroup section */
		CF7581E11E24F4DC0027C62D = {
			isa = PBXGroup;
			children = (
				CF7581EC1E24F4DC0027C62D /* XibRocks */,
				CF7582011E24F4DC0027C62D /* XibRocksTests */,
				CF75820C1E24F4DC0027C62D /* XibRocksUITests */,
				CF7581EB1E24F4DC0027C62D /* Products */,
			);
			sourceTree = "<group>";
		};
		CF7581EB1E24F4DC0027C62D /* Products */ = {
			isa = PBXGroup;
			children = (
				CF7581EA1E24F4DC0027C62D /* XibRocks.app */,
				CF7581FE1E24F4DC0027C62D /* XibRocksTests.xctest */,
				CF7582091E24F4DC0027C62D /* XibRocksUITests.xctest */,
			);
			name = Products;
			sourceTree = "<group>";
		};
		CF7581EC1E24F4DC0027C62D /* XibRocks */ = {
			isa = PBXGroup;
			children = (
				CF7581ED1E24F4DC0027C62D /* AppDelegate.swift */,
				CF7581EF1E24F4DC0027C62D /* ViewController.swift */,
				CF7581F11E24F4DC0027C62D /* Main.storyboard */,
				CF7581F41E24F4DC0027C62D /* Assets.xcassets */,
				CF7581F61E24F4DC0027C62D /* LaunchScreen.storyboard */,
				CF7581F91E24F4DC0027C62D /* Info.plist */,
			);
			path = XibRocks;
			sourceTree = "<group>";
		};
		CF7582011E24F4DC0027C62D /* XibRocksTests */ = {
			isa = PBXGroup;
			children = (
				CF7582021E24F4DC0027C62D /* XibRocksTests.swift */,
				CF7582041E24F4DC0027C62D /* Info.plist */,
			);
			path = XibRocksTests;
			sourceTree = "<group>";
		};
		CF75820C1E24F4DC0027C62D /* XibRocksUITests */ = {
			isa = PBXGroup;
			children = (
				CF75820D1E24F4DC0027C62D /* XibRocksUITests.swift */,
				CF75820F1E24F4DC0027C62D /* Info.plist */,
			);
			path = XibRocksUITests;
			sourceTree = "<group>";
		};
/* End PBXGroup section */

/* Begin PBXNativeTarget section */
		CF7581E91E24F4DC0027C62D /* XibRocks */ = {
			isa = PBXNativeTarget;
			buildConfigurationList = CF7582121E24F4DC0027C62D /* Build configuration list for PBXNativeTarget "XibRocks" */;
			buildPhases = (
				CF7581E61E24F4DC0027C62D /* Sources */,
				CF7581E71E24F4DC0027C62D /* Frameworks */,
				CF7581E81E24F4DC0027C62D /* Resources */,
			);
			buildRules = (
			);
			dependencies = (
			);
			name = XibRocks;
			productName = XibRocks;
			productReference = CF7581EA1E24F4DC0027C62D /* XibRocks.app */;
			productType = "com.apple.product-type.application";
		};
		CF7581FD1E24F4DC0027C62D /* XibRocksTests */ = {
			isa = PBXNativeTarget;
			buildConfigurationList = CF7582151E24F4DC0027C62D /* Build configuration list for PBXNativeTarget "XibRocksTests" */;
			buildPhases = (
				CF7581FA1E24F4DC0027C62D /* Sources */,
				CF7581FB1E24F4DC0027C62D /* Frameworks */,
				CF7581FC1E24F4DC0027C62D /* Resources */,
			);
			buildRules = (
			);
			dependencies = (
				CF7582001E24F4DC0027C62D /* PBXTargetDependency */,
			);
			name = XibRocksTests;
			productName = XibRocksTests;
			productReference = CF7581FE1E24F4DC0027C62D /* XibRocksTests.xctest */;
			productType = "com.apple.product-type.bundle.unit-test";
		};
		CF7582081E24F4DC0027C62D /* XibRocksUITests */ = {
			isa = PBXNativeTarget;
			buildConfigurationList = CF7582181E24F4DC0027C62D /* Build configuration list for PBXNativeTarget "XibRocksUITests" */;
			buildPhases = (
				CF7582051E24F4DC0027C62D /* Sources */,
				CF7582061E24F4DC0027C62D /* Frameworks */,
				CF7582071E24F4DC0027C62D /* Resources */,
			);
			buildRules = (
			);
			dependencies = (
				CF75820B1E24F4DC0027C62D /* PBXTargetDependency */,
			);
			name = XibRocksUITests;
			productName = XibRocksUITests;
			productReference = CF7582091E24F4DC0027C62D /* XibRocksUITests.xctest */;
			productType = "com.apple.product-type.bundle.ui-testing";
		};
/* End PBXNativeTarget section */

/* Begin PBXProject section */
		CF7581E21E24F4DC0027C62D /* Project object */ = {
			isa = PBXProject;
			attributes = {
				LastSwiftUpdateCheck = 0820;
				LastUpgradeCheck = 0820;
				ORGANIZATIONNAME = "João Marcelo Oliveira de Souza";
				TargetAttributes = {
					CF7581E91E24F4DC0027C62D = {
						CreatedOnToolsVersion = 8.2.1;
						DevelopmentTeam = 2LWKNR2T2F;
						ProvisioningStyle = Automatic;
					};
					CF7581FD1E24F4DC0027C62D = {
						CreatedOnToolsVersion = 8.2.1;
						DevelopmentTeam = 2LWKNR2T2F;
						ProvisioningStyle = Automatic;
						TestTargetID = CF7581E91E24F4DC0027C62D;
					};
					CF7582081E24F4DC0027C62D = {
						CreatedOnToolsVersion = 8.2.1;
						DevelopmentTeam = 2LWKNR2T2F;
						ProvisioningStyle = Automatic;
						TestTargetID = CF7581E91E24F4DC0027C62D;
					};
				};
			};
			buildConfigurationList = CF7581E51E24F4DC0027C62D /* Build configuration list for PBXProject "XibRocks" */;
			compatibilityVersion = "Xcode 3.2";
			developmentRegion = English;
			hasScannedForEncodings = 0;
			knownRegions = (
				en,
				Base,
			);
			mainGroup = CF7581E11E24F4DC0027C62D;
			productRefGroup = CF7581EB1E24F4DC0027C62D /* Products */;
			projectDirPath = "";
			projectRoot = "";
			targets = (
				CF7581E91E24F4DC0027C62D /* XibRocks */,
				CF7581FD1E24F4DC0027C62D /* XibRocksTests */,
				CF7582081E24F4DC0027C62D /* XibRocksUITests */,
			);
		};
/* End PBXProject section */

/* Begin PBXResourcesBuildPhase section */
		CF7581E81E24F4DC0027C62D /* Resources */ = {
			isa = PBXResourcesBuildPhase;
			buildActionMask = 2147483647;
			files = (
				CF7581F81E24F4DC0027C62D /* LaunchScreen.storyboard in Resources */,
				CF7581F51E24F4DC0027C62D /* Assets.xcassets in Resources */,
				CF7581F31E24F4DC0027C62D /* Main.storyboard in Resources */,
			);
			runOnlyForDeploymentPostprocessing = 0;
		};
		CF7581FC1E24F4DC0027C62D /* Resources */ = {
			isa = PBXResourcesBuildPhase;
			buildActionMask = 2147483647;
			files = (
			);
			runOnlyForDeploymentPostprocessing = 0;
		};
		CF7582071E24F4DC0027C62D /* Resources */ = {
			isa = PBXResourcesBuildPhase;
			buildActionMask = 2147483647;
			files = (
			);
			runOnlyForDeploymentPostprocessing = 0;
		};
/* End PBXResourcesBuildPhase section */

/* Begin PBXSourcesBuildPhase section */
		CF7581E61E24F4DC0027C62D /* Sources */ = {
			isa = PBXSourcesBuildPhase;
			buildActionMask = 2147483647;
			files = (
				CF7581F01E24F4DC0027C62D /* ViewController.swift in Sources */,
				CF7581EE1E24F4DC0027C62D /* AppDelegate.swift in Sources */,
			);
			runOnlyForDeploymentPostprocessing = 0;
		};
		CF7581FA1E24F4DC0027C62D /* Sources */ = {
			isa = PBXSourcesBuildPhase;
			buildActionMask = 2147483647;
			files = (
				CF7582031E24F4DC0027C62D /* XibRocksTests.swift in Sources */,
			);
			runOnlyForDeploymentPostprocessing = 0;
		};
		CF7582051E24F4DC0027C62D /* Sources */ = {
			isa = PBXSourcesBuildPhase;
			buildActionMask = 2147483647;
			files = (
				CF75820E1E24F4DC0027C62D /* XibRocksUITests.swift in Sources */,
			);
			runOnlyForDeploymentPostprocessing = 0;
		};
/* End PBXSourcesBuildPhase section */

/* Begin PBXTargetDependency section */
		CF7582001E24F4DC0027C62D /* PBXTargetDependency */ = {
			isa = PBXTargetDependency;
			target = CF7581E91E24F4DC0027C62D /* XibRocks */;
			targetProxy = CF7581FF1E24F4DC0027C62D /* PBXContainerItemProxy */;
		};
		CF75820B1E24F4DC0027C62D /* PBXTargetDependency */ = {
			isa = PBXTargetDependency;
			target = CF7581E91E24F4DC0027C62D /* XibRocks */;
			targetProxy = CF75820A1E24F4DC0027C62D /* PBXContainerItemProxy */;
		};
/* End PBXTargetDependency section */

/* Begin PBXVariantGroup section */
		CF7581F11E24F4DC0027C62D /* Main.storyboard */ = {
			isa = PBXVariantGroup;
			children = (
				CF7581F21E24F4DC0027C62D /* Base */,
			);
			name = Main.storyboard;
			sourceTree = "<group>";
		};
		CF7581F61E24F4DC0027C62D /* LaunchScreen.storyboard */ = {
			isa = PBXVariantGroup;
			children = (
				CF7581F71E24F4DC0027C62D /* Base */,
			);
			name = LaunchScreen.storyboard;
			sourceTree = "<group>";
		};
/* End PBXVariantGroup section */

/* Begin XCBuildConfiguration section */
		CF7582101E24F4DC0027C62D /* Debug */ = {
			isa = XCBuildConfiguration;
			buildSettings = {
				ALWAYS_SEARCH_USER_PATHS = NO;
				CLANG_ANALYZER_NONNULL = YES;
				CLANG_CXX_LANGUAGE_STANDARD = "gnu++0x";
				CLANG_CXX_LIBRARY = "libc++";
				CLANG_ENABLE_MODULES = YES;
				CLANG_ENABLE_OBJC_ARC = YES;
				CLANG_WARN_BOOL_CONVERSION = YES;
				CLANG_WARN_CONSTANT_CONVERSION = YES;
				CLANG_WARN_DIRECT_OBJC_ISA_USAGE = YES_ERROR;
				CLANG_WARN_DOCUMENTATION_COMMENTS = YES;
				CLANG_WARN_EMPTY_BODY = YES;
				CLANG_WARN_ENUM_CONVERSION = YES;
				CLANG_WARN_INFINITE_RECURSION = YES;
				CLANG_WARN_INT_CONVERSION = YES;
				CLANG_WARN_OBJC_ROOT_CLASS = YES_ERROR;
				CLANG_WARN_SUSPICIOUS_MOVE = YES;
				CLANG_WARN_UNREACHABLE_CODE = YES;
				CLANG_WARN__DUPLICATE_METHOD_MATCH = YES;
				"CODE_SIGN_IDENTITY[sdk=iphoneos*]" = "iPhone Developer";
				COPY_PHASE_STRIP = NO;
				DEBUG_INFORMATION_FORMAT = dwarf;
				ENABLE_STRICT_OBJC_MSGSEND = YES;
				ENABLE_TESTABILITY = YES;
				GCC_C_LANGUAGE_STANDARD = gnu99;
				GCC_DYNAMIC_NO_PIC = NO;
				GCC_NO_COMMON_BLOCKS = YES;
				GCC_OPTIMIZATION_LEVEL = 0;
				GCC_PREPROCESSOR_DEFINITIONS = (
					"DEBUG=1",
					"$(inherited)",
				);
				GCC_WARN_64_TO_32_BIT_CONVERSION = YES;
				GCC_WARN_ABOUT_RETURN_TYPE = YES_ERROR;
				GCC_WARN_UNDECLARED_SELECTOR = YES;
				GCC_WARN_UNINITIALIZED_AUTOS = YES_AGGRESSIVE;
				GCC_WARN_UNUSED_FUNCTION = YES;
				GCC_WARN_UNUSED_VARIABLE = YES;
				IPHONEOS_DEPLOYMENT_TARGET = 10.2;
				MTL_ENABLE_DEBUG_INFO = YES;
				ONLY_ACTIVE_ARCH = YES;
				SDKROOT = iphoneos;
				SWIFT_ACTIVE_COMPILATION_CONDITIONS = DEBUG;
				SWIFT_OPTIMIZATION_LEVEL = "-Onone";
				TARGETED_DEVICE_FAMILY = "1,2";
			};
			name = Debug;
		};
		CF7582111E24F4DC0027C62D /* Release */ = {
			isa = XCBuildConfiguration;
			buildSettings = {
				ALWAYS_SEARCH_USER_PATHS = NO;
				CLANG_ANALYZER_NONNULL = YES;
				CLANG_CXX_LANGUAGE_STANDARD = "gnu++0x";
				CLANG_CXX_LIBRARY = "libc++";
				CLANG_ENABLE_MODULES = YES;
				CLANG_ENABLE_OBJC_ARC = YES;
				CLANG_WARN_BOOL_CONVERSION = YES;
				CLANG_WARN_CONSTANT_CONVERSION = YES;
				CLANG_WARN_DIRECT_OBJC_ISA_USAGE = YES_ERROR;
				CLANG_WARN_DOCUMENTATION_COMMENTS = YES;
				CLANG_WARN_EMPTY_BODY = YES;
				CLANG_WARN_ENUM_CONVERSION = YES;
				CLANG_WARN_INFINITE_RECURSION = YES;
				CLANG_WARN_INT_CONVERSION = YES;
				CLANG_WARN_OBJC_ROOT_CLASS = YES_ERROR;
				CLANG_WARN_SUSPICIOUS_MOVE = YES;
				CLANG_WARN_UNREACHABLE_CODE = YES;
				CLANG_WARN__DUPLICATE_METHOD_MATCH = YES;
				"CODE_SIGN_IDENTITY[sdk=iphoneos*]" = "iPhone Developer";
				COPY_PHASE_STRIP = NO;
				DEBUG_INFORMATION_FORMAT = "dwarf-with-dsym";
				ENABLE_NS_ASSERTIONS = NO;
				ENABLE_STRICT_OBJC_MSGSEND = YES;
				GCC_C_LANGUAGE_STANDARD = gnu99;
				GCC_NO_COMMON_BLOCKS = YES;
				GCC_WARN_64_TO_32_BIT_CONVERSION = YES;
				GCC_WARN_ABOUT_RETURN_TYPE = YES_ERROR;
				GCC_WARN_UNDECLARED_SELECTOR = YES;
				GCC_WARN_UNINITIALIZED_AUTOS = YES_AGGRESSIVE;
				GCC_WARN_UNUSED_FUNCTION = YES;
				GCC_WARN_UNUSED_VARIABLE = YES;
				IPHONEOS_DEPLOYMENT_TARGET = 10.2;
				MTL_ENABLE_DEBUG_INFO = NO;
				SDKROOT = iphoneos;
				SWIFT_OPTIMIZATION_LEVEL = "-Owholemodule";
				TARGETED_DEVICE_FAMILY = "1,2";
				VALIDATE_PRODUCT = YES;
			};
			name = Release;
		};
		CF7582131E24F4DC0027C62D /* Debug */ = {
			isa = XCBuildConfiguration;
			buildSettings = {
				ASSETCATALOG_COMPILER_APPICON_NAME = AppIcon;
				DEVELOPMENT_TEAM = 2LWKNR2T2F;
				INFOPLIST_FILE = XibRocks/Info.plist;
				LD_RUNPATH_SEARCH_PATHS = "$(inherited) @executable_path/Frameworks";
				PRODUCT_BUNDLE_IDENTIFIER = me.jmosouza.XibRocks;
				PRODUCT_NAME = "$(TARGET_NAME)";
				SWIFT_VERSION = 3.0;
			};
			name = Debug;
		};
		CF7582141E24F4DC0027C62D /* Release */ = {
			isa = XCBuildConfiguration;
			buildSettings = {
				ASSETCATALOG_COMPILER_APPICON_NAME = AppIcon;
				DEVELOPMENT_TEAM = 2LWKNR2T2F;
				INFOPLIST_FILE = XibRocks/Info.plist;
				LD_RUNPATH_SEARCH_PATHS = "$(inherited) @executable_path/Frameworks";
				PRODUCT_BUNDLE_IDENTIFIER = me.jmosouza.XibRocks;
				PRODUCT_NAME = "$(TARGET_NAME)";
				SWIFT_VERSION = 3.0;
			};
			name = Release;
		};
		CF7582161E24F4DC0027C62D /* Debug */ = {
			isa = XCBuildConfiguration;
			buildSettings = {
				ALWAYS_EMBED_SWIFT_STANDARD_LIBRARIES = YES;
				BUNDLE_LOADER = "$(TEST_HOST)";
				DEVELOPMENT_TEAM = 2LWKNR2T2F;
				INFOPLIST_FILE = XibRocksTests/Info.plist;
				LD_RUNPATH_SEARCH_PATHS = "$(inherited) @executable_path/Frameworks @loader_path/Frameworks";
				PRODUCT_BUNDLE_IDENTIFIER = me.jmosouza.XibRocksTests;
				PRODUCT_NAME = "$(TARGET_NAME)";
				SWIFT_VERSION = 3.0;
				TEST_HOST = "$(BUILT_PRODUCTS_DIR)/XibRocks.app/XibRocks";
			};
			name = Debug;
		};
		CF7582171E24F4DC0027C62D /* Release */ = {
			isa = XCBuildConfiguration;
			buildSettings = {
				ALWAYS_EMBED_SWIFT_STANDARD_LIBRARIES = YES;
				BUNDLE_LOADER = "$(TEST_HOST)";
				DEVELOPMENT_TEAM = 2LWKNR2T2F;
				INFOPLIST_FILE = XibRocksTests/Info.plist;
				LD_RUNPATH_SEARCH_PATHS = "$(inherited) @executable_path/Frameworks @loader_path/Frameworks";
				PRODUCT_BUNDLE_IDENTIFIER = me.jmosouza.XibRocksTests;
				PRODUCT_NAME = "$(TARGET_NAME)";
				SWIFT_VERSION = 3.0;
				TEST_HOST = "$(BUILT_PRODUCTS_DIR)/XibRocks.app/XibRocks";
			};
			name = Release;
		};
		CF7582191E24F4DC0027C62D /* Debug */ = {
			isa = XCBuildConfiguration;
			buildSettings = {
				ALWAYS_EMBED_SWIFT_STANDARD_LIBRARIES = YES;
				DEVELOPMENT_TEAM = 2LWKNR2T2F;
				INFOPLIST_FILE = XibRocksUITests/Info.plist;
				LD_RUNPATH_SEARCH_PATHS = "$(inherited) @executable_path/Frameworks @loader_path/Frameworks";
				PRODUCT_BUNDLE_IDENTIFIER = me.jmosouza.XibRocksUITests;
				PRODUCT_NAME = "$(TARGET_NAME)";
				SWIFT_VERSION = 3.0;
				TEST_TARGET_NAME = XibRocks;
			};
			name = Debug;
		};
		CF75821A1E24F4DC0027C62D /* Release */ = {
			isa = XCBuildConfiguration;
			buildSettings = {
				ALWAYS_EMBED_SWIFT_STANDARD_LIBRARIES = YES;
				DEVELOPMENT_TEAM = 2LWKNR2T2F;
				INFOPLIST_FILE = XibRocksUITests/Info.plist;
				LD_RUNPATH_SEARCH_PATHS = "$(inherited) @executable_path/Frameworks @loader_path/Frameworks";
				PRODUCT_BUNDLE_IDENTIFIER = me.jmosouza.XibRocksUITests;
				PRODUCT_NAME = "$(TARGET_NAME)";
				SWIFT_VERSION = 3.0;
				TEST_TARGET_NAME = XibRocks;
			};
			name = Release;
		};
/* End XCBuildConfiguration section */

/* Begin XCConfigurationList section */
		CF7581E51E24F4DC0027C62D /* Build configuration list for PBXProject "XibRocks" */ = {
			isa = XCConfigurationList;
			buildConfigurations = (
				CF7582101E24F4DC0027C62D /* Debug */,
				CF7582111E24F4DC0027C62D /* Release */,
			);
			defaultConfigurationIsVisible = 0;
			defaultConfigurationName = Release;
		};
		CF7582121E24F4DC0027C62D /* Build configuration list for PBXNativeTarget "XibRocks" */ = {
			isa = XCConfigurationList;
			buildConfigurations = (
				CF7582131E24F4DC0027C62D /* Debug */,
				CF7582141E24F4DC0027C62D /* Release */,
			);
			defaultConfigurationIsVisible = 0;
		};
		CF7582151E24F4DC0027C62D /* Build configuration list for PBXNativeTarget "XibRocksTests" */ = {
			isa = XCConfigurationList;
			buildConfigurations = (
				CF7582161E24F4DC0027C62D /* Debug */,
				CF7582171E24F4DC0027C62D /* Release */,
			);
			defaultConfigurationIsVisible = 0;
		};
		CF7582181E24F4DC0027C62D /* Build configuration list for PBXNativeTarget "XibRocksUITests" */ = {
			isa = XCConfigurationList;
			buildConfigurations = (
				CF7582191E24F4DC0027C62D /* Debug */,
				CF75821A1E24F4DC0027C62D /* Release */,
			);
			defaultConfigurationIsVisible = 0;
		};
/* End XCConfigurationList section */
	};
	rootObject = CF7581E21E24F4DC0027C62D /* Project object */;
}
